
Microsoft Visual Studio Solution File, Format Version 12.00
# Visual Studio Version 17
VisualStudioVersion = 17.7.34024.191
MinimumVisualStudioVersion = 10.0.40219.1
Project("{FAE04EC0-301F-11D3-BF4B-00C04F79EFBC}") = "SASAirlineCompany", "CanonicalDataModel\SASAirlineCompany.csproj", "{EA67D9E4-678A-4814-8ECD-CAE1E8BC7B20}"
EndProject
Project("{FAE04EC0-301F-11D3-BF4B-00C04F79EFBC}") = "CDM", "CDM\CDM.csproj", "{01394DFF-6DD9-4034-815C-78044F7D68D6}"
EndProject
Global
	GlobalSection(SolutionConfigurationPlatforms) = preSolution
		Debug|Any CPU = Debug|Any CPU
		Release|Any CPU = Release|Any CPU
	EndGlobalSection
	GlobalSection(ProjectConfigurationPlatforms) = postSolution
		{EA67D9E4-678A-4814-8ECD-CAE1E8BC7B20}.Debug|Any CPU.ActiveCfg = Debug|Any CPU
		{EA67D9E4-678A-4814-8ECD-CAE1E8BC7B20}.Debug|Any CPU.Build.0 = Debug|Any CPU
		{EA67D9E4-678A-4814-8ECD-CAE1E8BC7B20}.Release|Any CPU.ActiveCfg = Release|Any CPU
		{EA67D9E4-678A-4814-8ECD-CAE1E8BC7B20}.Release|Any CPU.Build.0 = Release|Any CPU
		{01394DFF-6DD9-4034-815C-78044F7D68D6}.Debug|Any CPU.ActiveCfg = Debug|Any CPU
		{01394DFF-6DD9-4034-815C-78044F7D68D6}.Debug|Any CPU.Build.0 = Debug|Any CPU
		{01394DFF-6DD9-4034-815C-78044F7D68D6}.Release|Any CPU.ActiveCfg = Release|Any CPU
		{01394DFF-6DD9-4034-815C-78044F7D68D6}.Release|Any CPU.Build.0 = Release|Any CPU
	EndGlobalSection
	GlobalSection(SolutionProperties) = preSolution
		HideSolutionNode = FALSE
	EndGlobalSection
	GlobalSection(ExtensibilityGlobals) = postSolution
		SolutionGuid = {2398BD02-4BF0-470F-9911-94F0069A5429}
	EndGlobalSection
EndGlobal
